{
  "requires": true,
  "lockfileVersion": 1,
  "dependencies": {
    "fractional-arithmetic": {
      "version": "1.2.3",
      "resolved": "https://registry.npmjs.org/fractional-arithmetic/-/fractional-arithmetic-1.2.3.tgz",
      "integrity": "sha512-imKwbKdwGZjy6Xyb8XXipm95U73+TXJCwexIFaT/ylTl0KK6Z/7sfwahmKtYpgBkEIjXQQ/xGWwYW3w6Yg6YGg=="
    },
    "odds-converter": {
      "version": "1.0.4",
      "resolved": "https://registry.npmjs.org/odds-converter/-/odds-converter-1.0.4.tgz",
      "integrity": "sha1-qlvd6hxNGtCEEvs/snztNtkyEO4=",
      "requires": {
        "fractional-arithmetic": "^1.2.0"
      }
    }
  }
}
